
Microsoft Visual Studio Solution File, Format Version 12.00
# Visual Studio 2013
VisualStudioVersion = 12.0.30501.0
MinimumVisualStudioVersion = 10.0.40219.1
Project("{2150E333-8FDC-42A3-9474-1A3956D46DE8}") = "src", "src", "{52CDD551-AD00-4274-9451-183AC6745165}"
EndProject
Project("{2150E333-8FDC-42A3-9474-1A3956D46DE8}") = "tests", "tests", "{D3ED214F-5D3E-4580-A2CA-39694AD7C66D}"
EndProject
Project("{2150E333-8FDC-42A3-9474-1A3956D46DE8}") = "docs", "docs", "{16A4F964-AA9D-48CE-B0FB-C9F2D075EBC2}"
EndProject
Project("{2150E333-8FDC-42A3-9474-1A3956D46DE8}") = "Solution Items", "Solution Items", "{C87A1988-A1D8-496E-A8F0-43D83D533559}"
	ProjectSection(SolutionItems) = preProject
		README.md = README.md
	EndProjectSection
EndProject
Project("{FAE04EC0-301F-11D3-BF4B-00C04F79EFBC}") = "tc-dev.Core", "src\tc-dev.Core\tc-dev.Core.csproj", "{644BFC3B-3299-4908-AB5F-43C4FBEA92E3}"
EndProject
Project("{FAE04EC0-301F-11D3-BF4B-00C04F79EFBC}") = "tc-dev.Core.UnitTests", "tests\tc-dev.Core.UnitTests\tc-dev.Core.UnitTests.csproj", "{0E0A66E8-BE18-4E20-B89F-860367C68017}"
EndProject
Project("{FAE04EC0-301F-11D3-BF4B-00C04F79EFBC}") = "tc-dev.Core.Common", "src\tc-dev.Core.Common\tc-dev.Core.Common.csproj", "{E927FF61-4B47-4959-9329-2E170CEB7C69}"
EndProject
Project("{FAE04EC0-301F-11D3-BF4B-00C04F79EFBC}") = "tc-dev.Core.Common.UnitTests", "tests\tc-dev.Core.Common.UnitTests\tc-dev.Core.Common.UnitTests.csproj", "{8C7BFE9F-B876-4EEC-BDD1-36561A271C38}"
EndProject
Project("{2150E333-8FDC-42A3-9474-1A3956D46DE8}") = ".nuget", ".nuget", "{F2128959-4257-4FA5-84E7-38F6A2F0F2F1}"
	ProjectSection(SolutionItems) = preProject
		.nuget\NuGet.Config = .nuget\NuGet.Config
		.nuget\NuGet.exe = .nuget\NuGet.exe
		.nuget\NuGet.targets = .nuget\NuGet.targets
	EndProjectSection
EndProject
Global
	GlobalSection(SolutionConfigurationPlatforms) = preSolution
		Debug|Any CPU = Debug|Any CPU
		Release|Any CPU = Release|Any CPU
	EndGlobalSection
	GlobalSection(ProjectConfigurationPlatforms) = postSolution
		{644BFC3B-3299-4908-AB5F-43C4FBEA92E3}.Debug|Any CPU.ActiveCfg = Debug|Any CPU
		{644BFC3B-3299-4908-AB5F-43C4FBEA92E3}.Debug|Any CPU.Build.0 = Debug|Any CPU
		{644BFC3B-3299-4908-AB5F-43C4FBEA92E3}.Release|Any CPU.ActiveCfg = Release|Any CPU
		{644BFC3B-3299-4908-AB5F-43C4FBEA92E3}.Release|Any CPU.Build.0 = Release|Any CPU
		{0E0A66E8-BE18-4E20-B89F-860367C68017}.Debug|Any CPU.ActiveCfg = Debug|Any CPU
		{0E0A66E8-BE18-4E20-B89F-860367C68017}.Debug|Any CPU.Build.0 = Debug|Any CPU
		{0E0A66E8-BE18-4E20-B89F-860367C68017}.Release|Any CPU.ActiveCfg = Release|Any CPU
		{0E0A66E8-BE18-4E20-B89F-860367C68017}.Release|Any CPU.Build.0 = Release|Any CPU
		{E927FF61-4B47-4959-9329-2E170CEB7C69}.Debug|Any CPU.ActiveCfg = Debug|Any CPU
		{E927FF61-4B47-4959-9329-2E170CEB7C69}.Debug|Any CPU.Build.0 = Debug|Any CPU
		{E927FF61-4B47-4959-9329-2E170CEB7C69}.Release|Any CPU.ActiveCfg = Release|Any CPU
		{E927FF61-4B47-4959-9329-2E170CEB7C69}.Release|Any CPU.Build.0 = Release|Any CPU
		{8C7BFE9F-B876-4EEC-BDD1-36561A271C38}.Debug|Any CPU.ActiveCfg = Debug|Any CPU
		{8C7BFE9F-B876-4EEC-BDD1-36561A271C38}.Debug|Any CPU.Build.0 = Debug|Any CPU
		{8C7BFE9F-B876-4EEC-BDD1-36561A271C38}.Release|Any CPU.ActiveCfg = Release|Any CPU
		{8C7BFE9F-B876-4EEC-BDD1-36561A271C38}.Release|Any CPU.Build.0 = Release|Any CPU
	EndGlobalSection
	GlobalSection(SolutionProperties) = preSolution
		HideSolutionNode = FALSE
	EndGlobalSection
	GlobalSection(NestedProjects) = preSolution
		{644BFC3B-3299-4908-AB5F-43C4FBEA92E3} = {52CDD551-AD00-4274-9451-183AC6745165}
		{0E0A66E8-BE18-4E20-B89F-860367C68017} = {D3ED214F-5D3E-4580-A2CA-39694AD7C66D}
		{E927FF61-4B47-4959-9329-2E170CEB7C69} = {52CDD551-AD00-4274-9451-183AC6745165}
		{8C7BFE9F-B876-4EEC-BDD1-36561A271C38} = {D3ED214F-5D3E-4580-A2CA-39694AD7C66D}
	EndGlobalSection
EndGlobal
